// !$*UTF8*$!
{
	archiveVersion = 1;
	classes = {
	};
	objectVersion = 50;
	objects = {

/* Begin PBXBuildFile section */
		026E405B26D4C959007E5E7A /* AppDelegate.swift in Sources */ = {isa = PBXBuildFile; fileRef = 026E405A26D4C959007E5E7A /* AppDelegate.swift */; };
		026E405D26D4C959007E5E7A /* SceneDelegate.swift in Sources */ = {isa = PBXBuildFile; fileRef = 026E405C26D4C959007E5E7A /* SceneDelegate.swift */; };
		026E405F26D4C959007E5E7A /* ViewController.swift in Sources */ = {isa = PBXBuildFile; fileRef = 026E405E26D4C959007E5E7A /* ViewController.swift */; };
		026E406226D4C959007E5E7A /* Main.storyboard in Resources */ = {isa = PBXBuildFile; fileRef = 026E406026D4C959007E5E7A /* Main.storyboard */; };
		026E406426D4C961007E5E7A /* Assets.xcassets in Resources */ = {isa = PBXBuildFile; fileRef = 026E406326D4C961007E5E7A /* Assets.xcassets */; };
		026E406726D4C961007E5E7A /* LaunchScreen.storyboard in Resources */ = {isa = PBXBuildFile; fileRef = 026E406526D4C961007E5E7A /* LaunchScreen.storyboard */; };
		026E407226D4D26F007E5E7A /* TextViewController.swift in Sources */ = {isa = PBXBuildFile; fileRef = 026E407126D4D26F007E5E7A /* TextViewController.swift */; };
		026E407526D4E814007E5E7A /* TestTextField.swift in Sources */ = {isa = PBXBuildFile; fileRef = 026E407426D4E814007E5E7A /* TestTextField.swift */; };
/* End PBXBuildFile section */

/* Begin PBXFileReference section */
		026E405726D4C959007E5E7A /* PhoneNumberFilter.app */ = {isa = PBXFileReference; explicitFileType = wrapper.application; includeInIndex = 0; path = PhoneNumberFilter.app; sourceTree = BUILT_PRODUCTS_DIR; };
		026E405A26D4C959007E5E7A /* AppDelegate.swift */ = {isa = PBXFileReference; lastKnownFileType = sourcecode.swift; path = AppDelegate.swift; sourceTree = "<group>"; };
		026E405C26D4C959007E5E7A /* SceneDelegate.swift */ = {isa = PBXFileReference; lastKnownFileType = sourcecode.swift; path = SceneDelegate.swift; sourceTree = "<group>"; };
		026E405E26D4C959007E5E7A /* ViewController.swift */ = {isa = PBXFileReference; lastKnownFileType = sourcecode.swift; path = ViewController.swift; sourceTree = "<group>"; };
		026E406126D4C959007E5E7A /* Base */ = {isa = PBXFileReference; lastKnownFileType = file.storyboard; name = Base; path = Base.lproj/Main.storyboard; sourceTree = "<group>"; };
		026E406326D4C961007E5E7A /* Assets.xcassets */ = {isa = PBXFileReference; lastKnownFileType = folder.assetcatalog; path = Assets.xcassets; sourceTree = "<group>"; };
		026E406626D4C961007E5E7A /* Base */ = {isa = PBXFileReference; lastKnownFileType = file.storyboard; name = Base; path = Base.lproj/LaunchScreen.storyboard; sourceTree = "<group>"; };
		026E406826D4C961007E5E7A /* Info.plist */ = {isa = PBXFileReference; lastKnownFileType = text.plist.xml; path = Info.plist; sourceTree = "<group>"; };
		026E407126D4D26F007E5E7A /* TextViewController.swift */ = {isa = PBXFileReference; fileEncoding = 4; lastKnownFileType = sourcecode.swift; path = TextViewController.swift; sourceTree = "<group>"; };
		026E407426D4E814007E5E7A /* TestTextField.swift */ = {isa = PBXFileReference; lastKnownFileType = sourcecode.swift; path = TestTextField.swift; sourceTree = "<group>"; };
/* End PBXFileReference section */

/* Begin PBXFrameworksBuildPhase section */
		026E405426D4C959007E5E7A /* Frameworks */ = {
			isa = PBXFrameworksBuildPhase;
			buildActionMask = 2147483647;
			files = (
			);
			runOnlyForDeploymentPostprocessing = 0;
		};
/* End PBXFrameworksBuildPhase section */

/* Begin PBXGroup section */
		026E404E26D4C959007E5E7A = {
			isa = PBXGroup;
			children = (
				026E405926D4C959007E5E7A /* PhoneNumberFilter */,
				026E405826D4C959007E5E7A /* Products */,
			);
			sourceTree = "<group>";
		};
		026E405826D4C959007E5E7A /* Products */ = {
			isa = PBXGroup;
			children = (
				026E405726D4C959007E5E7A /* PhoneNumberFilter.app */,
			);
			name = Products;
			sourceTree = "<group>";
		};
		026E405926D4C959007E5E7A /* PhoneNumberFilter */ = {
			isa = PBXGroup;
			children = (
				026E405A26D4C959007E5E7A /* AppDelegate.swift */,
				026E405C26D4C959007E5E7A /* SceneDelegate.swift */,
				026E405E26D4C959007E5E7A /* ViewController.swift */,
				026E407126D4D26F007E5E7A /* TextViewController.swift */,
				026E407426D4E814007E5E7A /* TestTextField.swift */,
				026E406026D4C959007E5E7A /* Main.storyboard */,
				026E406326D4C961007E5E7A /* Assets.xcassets */,
				026E406526D4C961007E5E7A /* LaunchScreen.storyboard */,
				026E406826D4C961007E5E7A /* Info.plist */,
			);
			path = PhoneNumberFilter;
			sourceTree = "<group>";
		};
/* End PBXGroup section */

/* Begin PBXNativeTarget section */
		026E405626D4C959007E5E7A /* PhoneNumberFilter */ = {
			isa = PBXNativeTarget;
			buildConfigurationList = 026E406B26D4C961007E5E7A /* Build configuration list for PBXNativeTarget "PhoneNumberFilter" */;
			buildPhases = (
				026E405326D4C959007E5E7A /* Sources */,
				026E405426D4C959007E5E7A /* Frameworks */,
				026E405526D4C959007E5E7A /* Resources */,
			);
			buildRules = (
			);
			dependencies = (
			);
			name = PhoneNumberFilter;
			productName = PhoneNumberFilter;
			productReference = 026E405726D4C959007E5E7A /* PhoneNumberFilter.app */;
			productType = "com.apple.product-type.application";
		};
/* End PBXNativeTarget section */

/* Begin PBXProject section */
		026E404F26D4C959007E5E7A /* Project object */ = {
			isa = PBXProject;
			attributes = {
				LastSwiftUpdateCheck = 1230;
				LastUpgradeCheck = 1230;
				TargetAttributes = {
					026E405626D4C959007E5E7A = {
						CreatedOnToolsVersion = 12.3;
					};
				};
			};
			buildConfigurationList = 026E405226D4C959007E5E7A /* Build configuration list for PBXProject "PhoneNumberFilter" */;
			compatibilityVersion = "Xcode 9.3";
			developmentRegion = en;
			hasScannedForEncodings = 0;
			knownRegions = (
				en,
				Base,
			);
			mainGroup = 026E404E26D4C959007E5E7A;
			productRefGroup = 026E405826D4C959007E5E7A /* Products */;
			projectDirPath = "";
			projectRoot = "";
			targets = (
				026E405626D4C959007E5E7A /* PhoneNumberFilter */,
			);
		};
/* End PBXProject section */

/* Begin PBXResourcesBuildPhase section */
		026E405526D4C959007E5E7A /* Resources */ = {
			isa = PBXResourcesBuildPhase;
			buildActionMask = 2147483647;
			files = (
				026E406726D4C961007E5E7A /* LaunchScreen.storyboard in Resources */,
				026E406426D4C961007E5E7A /* Assets.xcassets in Resources */,
				026E406226D4C959007E5E7A /* Main.storyboard in Resources */,
			);
			runOnlyForDeploymentPostprocessing = 0;
		};
/* End PBXResourcesBuildPhase section */

/* Begin PBXSourcesBuildPhase section */
		026E405326D4C959007E5E7A /* Sources */ = {
			isa = PBXSourcesBuildPhase;
			buildActionMask = 2147483647;
			files = (
				026E405F26D4C959007E5E7A /* ViewController.swift in Sources */,
				026E405B26D4C959007E5E7A /* AppDelegate.swift in Sources */,
				026E405D26D4C959007E5E7A /* SceneDelegate.swift in Sources */,
				026E407526D4E814007E5E7A /* TestTextField.swift in Sources */,
				026E407226D4D26F007E5E7A /* TextViewController.swift in Sources */,
			);
			runOnlyForDeploymentPostprocessing = 0;
		};
/* End PBXSourcesBuildPhase section */

/* Begin PBXVariantGroup section */
		026E406026D4C959007E5E7A /* Main.storyboard */ = {
			isa = PBXVariantGroup;
			children = (
				026E406126D4C959007E5E7A /* Base */,
			);
			name = Main.storyboard;
			sourceTree = "<group>";
		};
		026E406526D4C961007E5E7A /* LaunchScreen.storyboard */ = {
			isa = PBXVariantGroup;
			children = (
				026E406626D4C961007E5E7A /* Base */,
			);
			name = LaunchScreen.storyboard;
			sourceTree = "<group>";
		};
/* End PBXVariantGroup section */

/* Begin XCBuildConfiguration section */
		026E406926D4C961007E5E7A /* Debug */ = {
			isa = XCBuildConfiguration;
			buildSettings = {
				ALWAYS_SEARCH_USER_PATHS = NO;
				CLANG_ANALYZER_NONNULL = YES;
				CLANG_ANALYZER_NUMBER_OBJECT_CONVERSION = YES_AGGRESSIVE;
				CLANG_CXX_LANGUAGE_STANDARD = "gnu++14";
				CLANG_CXX_LIBRARY = "libc++";
				CLANG_ENABLE_MODULES = YES;
				CLANG_ENABLE_OBJC_ARC = YES;
				CLANG_ENABLE_OBJC_WEAK = YES;
				CLANG_WARN_BLOCK_CAPTURE_AUTORELEASING = YES;
				CLANG_WARN_BOOL_CONVERSION = YES;
				CLANG_WARN_COMMA = YES;
				CLANG_WARN_CONSTANT_CONVERSION = YES;
				CLANG_WARN_DEPRECATED_OBJC_IMPLEMENTATIONS = YES;
				CLANG_WARN_DIRECT_OBJC_ISA_USAGE = YES_ERROR;
				CLANG_WARN_DOCUMENTATION_COMMENTS = YES;
				CLANG_WARN_EMPTY_BODY = YES;
				CLANG_WARN_ENUM_CONVERSION = YES;
				CLANG_WARN_INFINITE_RECURSION = YES;
				CLANG_WARN_INT_CONVERSION = YES;
				CLANG_WARN_NON_LITERAL_NULL_CONVERSION = YES;
				CLANG_WARN_OBJC_IMPLICIT_RETAIN_SELF = YES;
				CLANG_WARN_OBJC_LITERAL_CONVERSION = YES;
				CLANG_WARN_OBJC_ROOT_CLASS = YES_ERROR;
				CLANG_WARN_QUOTED_INCLUDE_IN_FRAMEWORK_HEADER = YES;
				CLANG_WARN_RANGE_LOOP_ANALYSIS = YES;
				CLANG_WARN_STRICT_PROTOTYPES = YES;
				CLANG_WARN_SUSPICIOUS_MOVE = YES;
				CLANG_WARN_UNGUARDED_AVAILABILITY = YES_AGGRESSIVE;
				CLANG_WARN_UNREACHABLE_CODE = YES;
				CLANG_WARN__DUPLICATE_METHOD_MATCH = YES;
				COPY_PHASE_STRIP = NO;
				DEBUG_INFORMATION_FORMAT = dwarf;
				ENABLE_STRICT_OBJC_MSGSEND = YES;
				ENABLE_TESTABILITY = YES;
				GCC_C_LANGUAGE_STANDARD = gnu11;
				GCC_DYNAMIC_NO_PIC = NO;
				GCC_NO_COMMON_BLOCKS = YES;
				GCC_OPTIMIZATION_LEVEL = 0;
				GCC_PREPROCESSOR_DEFINITIONS = (
					"DEBUG=1",
					"$(inherited)",
				);
				GCC_WARN_64_TO_32_BIT_CONVERSION = YES;
				GCC_WARN_ABOUT_RETURN_TYPE = YES_ERROR;
				GCC_WARN_UNDECLARED_SELECTOR = YES;
				GCC_WARN_UNINITIALIZED_AUTOS = YES_AGGRESSIVE;
				GCC_WARN_UNUSED_FUNCTION = YES;
				GCC_WARN_UNUSED_VARIABLE = YES;
				IPHONEOS_DEPLOYMENT_TARGET = 14.3;
				MTL_ENABLE_DEBUG_INFO = INCLUDE_SOURCE;
				MTL_FAST_MATH = YES;
				ONLY_ACTIVE_ARCH = YES;
				SDKROOT = iphoneos;
				SWIFT_ACTIVE_COMPILATION_CONDITIONS = DEBUG;
				SWIFT_OPTIMIZATION_LEVEL = "-Onone";
			};
			name = Debug;
		};
		026E406A26D4C961007E5E7A /* Release */ = {
			isa = XCBuildConfiguration;
			buildSettings = {
				ALWAYS_SEARCH_USER_PATHS = NO;
				CLANG_ANALYZER_NONNULL = YES;
				CLANG_ANALYZER_NUMBER_OBJECT_CONVERSION = YES_AGGRESSIVE;
				CLANG_CXX_LANGUAGE_STANDARD = "gnu++14";
				CLANG_CXX_LIBRARY = "libc++";
				CLANG_ENABLE_MODULES = YES;
				CLANG_ENABLE_OBJC_ARC = YES;
				CLANG_ENABLE_OBJC_WEAK = YES;
				CLANG_WARN_BLOCK_CAPTURE_AUTORELEASING = YES;
				CLANG_WARN_BOOL_CONVERSION = YES;
				CLANG_WARN_COMMA = YES;
				CLANG_WARN_CONSTANT_CONVERSION = YES;
				CLANG_WARN_DEPRECATED_OBJC_IMPLEMENTATIONS = YES;
				CLANG_WARN_DIRECT_OBJC_ISA_USAGE = YES_ERROR;
				CLANG_WARN_DOCUMENTATION_COMMENTS = YES;
				CLANG_WARN_EMPTY_BODY = YES;
				CLANG_WARN_ENUM_CONVERSION = YES;
				CLANG_WARN_INFINITE_RECURSION = YES;
				CLANG_WARN_INT_CONVERSION = YES;
				CLANG_WARN_NON_LITERAL_NULL_CONVERSION = YES;
				CLANG_WARN_OBJC_IMPLICIT_RETAIN_SELF = YES;
				CLANG_WARN_OBJC_LITERAL_CONVERSION = YES;
				CLANG_WARN_OBJC_ROOT_CLASS = YES_ERROR;
				CLANG_WARN_QUOTED_INCLUDE_IN_FRAMEWORK_HEADER = YES;
				CLANG_WARN_RANGE_LOOP_ANALYSIS = YES;
				CLANG_WARN_STRICT_PROTOTYPES = YES;
				CLANG_WARN_SUSPICIOUS_MOVE = YES;
				CLANG_WARN_UNGUARDED_AVAILABILITY = YES_AGGRESSIVE;
				CLANG_WARN_UNREACHABLE_CODE = YES;
				CLANG_WARN__DUPLICATE_METHOD_MATCH = YES;
				COPY_PHASE_STRIP = NO;
				DEBUG_INFORMATION_FORMAT = "dwarf-with-dsym";
				ENABLE_NS_ASSERTIONS = NO;
				ENABLE_STRICT_OBJC_MSGSEND = YES;
				GCC_C_LANGUAGE_STANDARD = gnu11;
				GCC_NO_COMMON_BLOCKS = YES;
				GCC_WARN_64_TO_32_BIT_CONVERSION = YES;
				GCC_WARN_ABOUT_RETURN_TYPE = YES_ERROR;
				GCC_WARN_UNDECLARED_SELECTOR = YES;
				GCC_WARN_UNINITIALIZED_AUTOS = YES_AGGRESSIVE;
				GCC_WARN_UNUSED_FUNCTION = YES;
				GCC_WARN_UNUSED_VARIABLE = YES;
				IPHONEOS_DEPLOYMENT_TARGET = 14.3;
				MTL_ENABLE_DEBUG_INFO = NO;
				MTL_FAST_MATH = YES;
				SDKROOT = iphoneos;
				SWIFT_COMPILATION_MODE = wholemodule;
				SWIFT_OPTIMIZATION_LEVEL = "-O";
				VALIDATE_PRODUCT = YES;
			};
			name = Release;
		};
		026E406C26D4C961007E5E7A /* Debug */ = {
			isa = XCBuildConfiguration;
			buildSettings = {
				ASSETCATALOG_COMPILER_APPICON_NAME = AppIcon;
				ASSETCATALOG_COMPILER_GLOBAL_ACCENT_COLOR_NAME = AccentColor;
				CODE_SIGN_STYLE = Automatic;
				DEVELOPMENT_TEAM = VA6Q46G75B;
				INFOPLIST_FILE = PhoneNumberFilter/Info.plist;
				LD_RUNPATH_SEARCH_PATHS = (
					"$(inherited)",
					"@executable_path/Frameworks",
				);
				PRODUCT_BUNDLE_IDENTIFIER = com.gmail.molder.PhoneNumberFilter;
				PRODUCT_NAME = "$(TARGET_NAME)";
				SWIFT_VERSION = 5.0;
				TARGETED_DEVICE_FAMILY = "1,2";
			};
			name = Debug;
		};
		026E406D26D4C961007E5E7A /* Release */ = {
			isa = XCBuildConfiguration;
			buildSettings = {
				ASSETCATALOG_COMPILER_APPICON_NAME = AppIcon;
				ASSETCATALOG_COMPILER_GLOBAL_ACCENT_COLOR_NAME = AccentColor;
				CODE_SIGN_STYLE = Automatic;
				DEVELOPMENT_TEAM = VA6Q46G75B;
				INFOPLIST_FILE = PhoneNumberFilter/Info.plist;
				LD_RUNPATH_SEARCH_PATHS = (
					"$(inherited)",
					"@executable_path/Frameworks",
				);
				PRODUCT_BUNDLE_IDENTIFIER = com.gmail.molder.PhoneNumberFilter;
				PRODUCT_NAME = "$(TARGET_NAME)";
				SWIFT_VERSION = 5.0;
				TARGETED_DEVICE_FAMILY = "1,2";
			};
			name = Release;
		};
/* End XCBuildConfiguration section */

/* Begin XCConfigurationList section */
		026E405226D4C959007E5E7A /* Build configuration list for PBXProject "PhoneNumberFilter" */ = {
			isa = XCConfigurationList;
			buildConfigurations = (
				026E406926D4C961007E5E7A /* Debug */,
				026E406A26D4C961007E5E7A /* Release */,
			);
			defaultConfigurationIsVisible = 0;
			defaultConfigurationName = Release;
		};
		026E406B26D4C961007E5E7A /* Build configuration list for PBXNativeTarget "PhoneNumberFilter" */ = {
			isa = XCConfigurationList;
			buildConfigurations = (
				026E406C26D4C961007E5E7A /* Debug */,
				026E406D26D4C961007E5E7A /* Release */,
			);
			defaultConfigurationIsVisible = 0;
			defaultConfigurationName = Release;
		};
/* End XCConfigurationList section */
	};
	rootObject = 026E404F26D4C959007E5E7A /* Project object */;
}
